
Microsoft Visual Studio Solution File, Format Version 12.00
# Visual Studio Version 17
VisualStudioVersion = 17.14.36203.30 d17.14
MinimumVisualStudioVersion = 10.0.40219.1
Project("{FAE04EC0-301F-11D3-BF4B-00C04F79EFBC}") = "TaskOrm", "TaskOrm\TaskOrm.csproj", "{EA3460C7-AAD8-43E8-9C7B-DB287D3CBF9C}"
EndProject
Global
	GlobalSection(SolutionConfigurationPlatforms) = preSolution
		Debug|Any CPU = Debug|Any CPU
		Release|Any CPU = Release|Any CPU
	EndGlobalSection
	GlobalSection(ProjectConfigurationPlatforms) = postSolution
		{EA3460C7-AAD8-43E8-9C7B-DB287D3CBF9C}.Debug|Any CPU.ActiveCfg = Debug|Any CPU
		{EA3460C7-AAD8-43E8-9C7B-DB287D3CBF9C}.Debug|Any CPU.Build.0 = Debug|Any CPU
		{EA3460C7-AAD8-43E8-9C7B-DB287D3CBF9C}.Release|Any CPU.ActiveCfg = Release|Any CPU
		{EA3460C7-AAD8-43E8-9C7B-DB287D3CBF9C}.Release|Any CPU.Build.0 = Release|Any CPU
	EndGlobalSection
	GlobalSection(SolutionProperties) = preSolution
		HideSolutionNode = FALSE
	EndGlobalSection
	GlobalSection(ExtensibilityGlobals) = postSolution
		SolutionGuid = {71FDAED0-AF64-4111-8356-516C6D455250}
	EndGlobalSection
EndGlobal
